
Microsoft Visual Studio Solution File, Format Version 12.00
# Visual Studio Version 17
VisualStudioVersion = 17.9.34714.143
MinimumVisualStudioVersion = 10.0.40219.1
Project("{C9674DCB-5085-4A16-B785-4C70DD1589BD}") = "NorthWindSSIS", "NorthWindSSIS\NorthWindSSIS.dtproj", "{F7CE1BAE-3FA7-4125-B716-DB36FDEBF41B}"
EndProject
Global
	GlobalSection(SolutionConfigurationPlatforms) = preSolution
		Development|Default = Development|Default
	EndGlobalSection
	GlobalSection(ProjectConfigurationPlatforms) = postSolution
		{F7CE1BAE-3FA7-4125-B716-DB36FDEBF41B}.Development|Default.ActiveCfg = Development
		{F7CE1BAE-3FA7-4125-B716-DB36FDEBF41B}.Development|Default.Build.0 = Development
	EndGlobalSection
	GlobalSection(SolutionProperties) = preSolution
		HideSolutionNode = FALSE
	EndGlobalSection
	GlobalSection(ExtensibilityGlobals) = postSolution
		SolutionGuid = {D6A622A2-CA0B-4049-9D09-FD2B637007B4}
	EndGlobalSection
EndGlobal
